
Microsoft Visual Studio Solution File, Format Version 12.00
# Visual Studio Version 16
VisualStudioVersion = 16.0.31507.150
MinimumVisualStudioVersion = 10.0.40219.1
Project("{FAE04EC0-301F-11D3-BF4B-00C04F79EFBC}") = "StockWatcher", "StockWatcher\StockWatcher.csproj", "{6E41E206-C836-4393-A29F-958741D280F8}"
EndProject
Global
	GlobalSection(SolutionConfigurationPlatforms) = preSolution
		Debug|Any CPU = Debug|Any CPU
		Release|Any CPU = Release|Any CPU
	EndGlobalSection
	GlobalSection(ProjectConfigurationPlatforms) = postSolution
		{6E41E206-C836-4393-A29F-958741D280F8}.Debug|Any CPU.ActiveCfg = Debug|Any CPU
		{6E41E206-C836-4393-A29F-958741D280F8}.Debug|Any CPU.Build.0 = Debug|Any CPU
		{6E41E206-C836-4393-A29F-958741D280F8}.Release|Any CPU.ActiveCfg = Release|Any CPU
		{6E41E206-C836-4393-A29F-958741D280F8}.Release|Any CPU.Build.0 = Release|Any CPU
	EndGlobalSection
	GlobalSection(SolutionProperties) = preSolution
		HideSolutionNode = FALSE
	EndGlobalSection
	GlobalSection(ExtensibilityGlobals) = postSolution
		SolutionGuid = {AB7BD19C-01C4-4FD3-8A56-C8D1C113AA0A}
	EndGlobalSection
EndGlobal
